// !$*UTF8*$!
{
	archiveVersion = 1;
	classes = {
	};
	objectVersion = 46;
	objects = {

/* Begin PBXBuildFile section */
		6842597D1D50149F00BD00CA /* Sounds.swift in Sources */ = {isa = PBXBuildFile; fileRef = 6842597C1D50149F00BD00CA /* Sounds.swift */; };
		68A08CDA1D5032A500B736C4 /* Boss.swift in Sources */ = {isa = PBXBuildFile; fileRef = 68A08CD91D5032A500B736C4 /* Boss.swift */; };
		7032BD8A1D416B8E00865A47 /* JSTileMap.m in Sources */ = {isa = PBXBuildFile; fileRef = 7032BD871D416B8E00865A47 /* JSTileMap.m */; };
		7032BD8B1D416B8E00865A47 /* LFCGzipUtility.m in Sources */ = {isa = PBXBuildFile; fileRef = 7032BD891D416B8E00865A47 /* LFCGzipUtility.m */; };
		7032BD8E1D416D3400865A47 /* libz.tbd in Frameworks */ = {isa = PBXBuildFile; fileRef = 7032BD8D1D416D3400865A47 /* libz.tbd */; };
		703606D81D4D1921001EECA5 /* GoldBricks.png in Resources */ = {isa = PBXBuildFile; fileRef = 703606D71D4D1921001EECA5 /* GoldBricks.png */; };
		703606DA1D4D1926001EECA5 /* Level1WorldTileSheet-ipadhd.png in Resources */ = {isa = PBXBuildFile; fileRef = 703606D91D4D1926001EECA5 /* Level1WorldTileSheet-ipadhd.png */; };
		703606DC1D4D1E4E001EECA5 /* FirstMap.tmx in Resources */ = {isa = PBXBuildFile; fileRef = 703606DB1D4D1E4E001EECA5 /* FirstMap.tmx */; };
		703606DE1D4D2719001EECA5 /* ThirdMap.tmx in Resources */ = {isa = PBXBuildFile; fileRef = 703606DD1D4D2719001EECA5 /* ThirdMap.tmx */; };
		70AF588B1D440BC500BB3B37 /* Player.swift in Sources */ = {isa = PBXBuildFile; fileRef = 70AF588A1D440BC500BB3B37 /* Player.swift */; };
		70C58E1B1D48109500EEDC5D /* secondMap.tmx in Resources */ = {isa = PBXBuildFile; fileRef = 70C58E1A1D48109500EEDC5D /* secondMap.tmx */; };
		70C5E0351D5105C600FB18F0 /* FourthMap.tmx in Resources */ = {isa = PBXBuildFile; fileRef = 70C5E0341D5105C600FB18F0 /* FourthMap.tmx */; };
		70C5E0371D5105D200FB18F0 /* FinalMap.tmx in Resources */ = {isa = PBXBuildFile; fileRef = 70C5E0361D5105D200FB18F0 /* FinalMap.tmx */; };
		70D19F761D457E79007ECBE0 /* caveAtlas.png in Resources */ = {isa = PBXBuildFile; fileRef = 70D19F751D457E79007ECBE0 /* caveAtlas.png */; };
		908691381D46D972000C92E8 /* Enemy.swift in Sources */ = {isa = PBXBuildFile; fileRef = 908691371D46D972000C92E8 /* Enemy.swift */; };
		9086913C1D46E28A000C92E8 /* Weapon.swift in Sources */ = {isa = PBXBuildFile; fileRef = 9086913B1D46E28A000C92E8 /* Weapon.swift */; };
		9086913E1D482406000C92E8 /* TileManager.swift in Sources */ = {isa = PBXBuildFile; fileRef = 9086913D1D482406000C92E8 /* TileManager.swift */; };
		908691401D482444000C92E8 /* InputManager.swift in Sources */ = {isa = PBXBuildFile; fileRef = 9086913F1D482444000C92E8 /* InputManager.swift */; };
		909F406C1D3F00C10009D9E2 /* SgButton.swift in Sources */ = {isa = PBXBuildFile; fileRef = 909F406B1D3F00C10009D9E2 /* SgButton.swift */; };
		909F40841D3F01E00009D9E2 /* Assets in Resources */ = {isa = PBXBuildFile; fileRef = 909F40831D3F01E00009D9E2 /* Assets */; };
		90AF8CCA1D4065EF0044D8CF /* MenuScene.swift in Sources */ = {isa = PBXBuildFile; fileRef = 90AF8CC91D4065EF0044D8CF /* MenuScene.swift */; };
		90AF8CCC1D406A080044D8CF /* DirectionalPad.swift in Sources */ = {isa = PBXBuildFile; fileRef = 90AF8CCB1D406A080044D8CF /* DirectionalPad.swift */; };
		90AF8CD21D408E650044D8CF /* ScreenHelper.swift in Sources */ = {isa = PBXBuildFile; fileRef = 90AF8CD11D408E650044D8CF /* ScreenHelper.swift */; };
		90D8EBF11D504B66006003E7 /* Spell.swift in Sources */ = {isa = PBXBuildFile; fileRef = 90D8EBF01D504B66006003E7 /* Spell.swift */; };
		90D8EBF31D504BAC006003E7 /* Sword.swift in Sources */ = {isa = PBXBuildFile; fileRef = 90D8EBF21D504BAC006003E7 /* Sword.swift */; };
		90E413451D3DE250006EC40C /* AppDelegate.swift in Sources */ = {isa = PBXBuildFile; fileRef = 90E413441D3DE250006EC40C /* AppDelegate.swift */; };
		90E413491D3DE250006EC40C /* GameScene.swift in Sources */ = {isa = PBXBuildFile; fileRef = 90E413481D3DE250006EC40C /* GameScene.swift */; };
		90E4134B1D3DE250006EC40C /* GameViewController.swift in Sources */ = {isa = PBXBuildFile; fileRef = 90E4134A1D3DE250006EC40C /* GameViewController.swift */; };
		90E4134E1D3DE250006EC40C /* Main.storyboard in Resources */ = {isa = PBXBuildFile; fileRef = 90E4134C1D3DE250006EC40C /* Main.storyboard */; };
		90E413501D3DE250006EC40C /* Assets.xcassets in Resources */ = {isa = PBXBuildFile; fileRef = 90E4134F1D3DE250006EC40C /* Assets.xcassets */; };
		90E413531D3DE250006EC40C /* LaunchScreen.storyboard in Resources */ = {isa = PBXBuildFile; fileRef = 90E413511D3DE250006EC40C /* LaunchScreen.storyboard */; };
		90E4135E1D3DE250006EC40C /* RedeadTests.swift in Sources */ = {isa = PBXBuildFile; fileRef = 90E4135D1D3DE250006EC40C /* RedeadTests.swift */; };
		90E413691D3DE250006EC40C /* RedeadUITests.swift in Sources */ = {isa = PBXBuildFile; fileRef = 90E413681D3DE250006EC40C /* RedeadUITests.swift */; };
/* End PBXBuildFile section */

/* Begin PBXContainerItemProxy section */
		90E4135A1D3DE250006EC40C /* PBXContainerItemProxy */ = {
			isa = PBXContainerItemProxy;
			containerPortal = 90E413391D3DE250006EC40C /* Project object */;
			proxyType = 1;
			remoteGlobalIDString = 90E413401D3DE250006EC40C;
			remoteInfo = Redead;
		};
		90E413651D3DE250006EC40C /* PBXContainerItemProxy */ = {
			isa = PBXContainerItemProxy;
			containerPortal = 90E413391D3DE250006EC40C /* Project object */;
			proxyType = 1;
			remoteGlobalIDString = 90E413401D3DE250006EC40C;
			remoteInfo = Redead;
		};
/* End PBXContainerItemProxy section */

/* Begin PBXFileReference section */
		6842597C1D50149F00BD00CA /* Sounds.swift */ = {isa = PBXFileReference; fileEncoding = 4; lastKnownFileType = sourcecode.swift; path = Sounds.swift; sourceTree = "<group>"; };
		68A08CD91D5032A500B736C4 /* Boss.swift */ = {isa = PBXFileReference; fileEncoding = 4; lastKnownFileType = sourcecode.swift; path = Boss.swift; sourceTree = "<group>"; };
		7032BD851D416B8E00865A47 /* Redead-Bridging-Header.h */ = {isa = PBXFileReference; lastKnownFileType = sourcecode.c.h; path = "Redead-Bridging-Header.h"; sourceTree = "<group>"; };
		7032BD861D416B8E00865A47 /* JSTileMap.h */ = {isa = PBXFileReference; fileEncoding = 4; lastKnownFileType = sourcecode.c.h; path = JSTileMap.h; sourceTree = "<group>"; };
		7032BD871D416B8E00865A47 /* JSTileMap.m */ = {isa = PBXFileReference; fileEncoding = 4; lastKnownFileType = sourcecode.c.objc; path = JSTileMap.m; sourceTree = "<group>"; };
		7032BD881D416B8E00865A47 /* LFCGzipUtility.h */ = {isa = PBXFileReference; fileEncoding = 4; lastKnownFileType = sourcecode.c.h; path = LFCGzipUtility.h; sourceTree = "<group>"; };
		7032BD891D416B8E00865A47 /* LFCGzipUtility.m */ = {isa = PBXFileReference; fileEncoding = 4; lastKnownFileType = sourcecode.c.objc; path = LFCGzipUtility.m; sourceTree = "<group>"; };
		7032BD8D1D416D3400865A47 /* libz.tbd */ = {isa = PBXFileReference; lastKnownFileType = "sourcecode.text-based-dylib-definition"; name = libz.tbd; path = usr/lib/libz.tbd; sourceTree = SDKROOT; };
		703606D71D4D1921001EECA5 /* GoldBricks.png */ = {isa = PBXFileReference; lastKnownFileType = image.png; path = GoldBricks.png; sourceTree = "<group>"; };
		703606D91D4D1926001EECA5 /* Level1WorldTileSheet-ipadhd.png */ = {isa = PBXFileReference; lastKnownFileType = image.png; path = "Level1WorldTileSheet-ipadhd.png"; sourceTree = "<group>"; };
		703606DB1D4D1E4E001EECA5 /* FirstMap.tmx */ = {isa = PBXFileReference; fileEncoding = 4; lastKnownFileType = text.xml; path = FirstMap.tmx; sourceTree = "<group>"; };
		703606DD1D4D2719001EECA5 /* ThirdMap.tmx */ = {isa = PBXFileReference; fileEncoding = 4; lastKnownFileType = text.xml; path = ThirdMap.tmx; sourceTree = "<group>"; };
		70AF588A1D440BC500BB3B37 /* Player.swift */ = {isa = PBXFileReference; fileEncoding = 4; lastKnownFileType = sourcecode.swift; path = Player.swift; sourceTree = "<group>"; };
		70C58E1A1D48109500EEDC5D /* secondMap.tmx */ = {isa = PBXFileReference; fileEncoding = 4; lastKnownFileType = text.xml; path = secondMap.tmx; sourceTree = "<group>"; };
		70C5E0341D5105C600FB18F0 /* FourthMap.tmx */ = {isa = PBXFileReference; fileEncoding = 4; lastKnownFileType = text.xml; path = FourthMap.tmx; sourceTree = "<group>"; };
		70C5E0361D5105D200FB18F0 /* FinalMap.tmx */ = {isa = PBXFileReference; fileEncoding = 4; lastKnownFileType = text.xml; path = FinalMap.tmx; sourceTree = "<group>"; };
		70D19F751D457E79007ECBE0 /* caveAtlas.png */ = {isa = PBXFileReference; lastKnownFileType = image.png; path = caveAtlas.png; sourceTree = "<group>"; };
		908691371D46D972000C92E8 /* Enemy.swift */ = {isa = PBXFileReference; fileEncoding = 4; lastKnownFileType = sourcecode.swift; path = Enemy.swift; sourceTree = "<group>"; };
		9086913B1D46E28A000C92E8 /* Weapon.swift */ = {isa = PBXFileReference; fileEncoding = 4; lastKnownFileType = sourcecode.swift; path = Weapon.swift; sourceTree = "<group>"; };
		9086913D1D482406000C92E8 /* TileManager.swift */ = {isa = PBXFileReference; fileEncoding = 4; lastKnownFileType = sourcecode.swift; path = TileManager.swift; sourceTree = "<group>"; };
		9086913F1D482444000C92E8 /* InputManager.swift */ = {isa = PBXFileReference; fileEncoding = 4; lastKnownFileType = sourcecode.swift; path = InputManager.swift; sourceTree = "<group>"; };
		909F406B1D3F00C10009D9E2 /* SgButton.swift */ = {isa = PBXFileReference; fileEncoding = 4; lastKnownFileType = sourcecode.swift; path = SgButton.swift; sourceTree = "<group>"; };
		909F40831D3F01E00009D9E2 /* Assets */ = {isa = PBXFileReference; lastKnownFileType = folder; name = Assets; path = Redead/Assets; sourceTree = "<group>"; };
		90AF8CC91D4065EF0044D8CF /* MenuScene.swift */ = {isa = PBXFileReference; fileEncoding = 4; lastKnownFileType = sourcecode.swift; path = MenuScene.swift; sourceTree = "<group>"; };
		90AF8CCB1D406A080044D8CF /* DirectionalPad.swift */ = {isa = PBXFileReference; fileEncoding = 4; lastKnownFileType = sourcecode.swift; path = DirectionalPad.swift; sourceTree = "<group>"; };
		90AF8CD11D408E650044D8CF /* ScreenHelper.swift */ = {isa = PBXFileReference; fileEncoding = 4; lastKnownFileType = sourcecode.swift; path = ScreenHelper.swift; sourceTree = "<group>"; };
		90D8EBF01D504B66006003E7 /* Spell.swift */ = {isa = PBXFileReference; fileEncoding = 4; lastKnownFileType = sourcecode.swift; path = Spell.swift; sourceTree = "<group>"; };
		90D8EBF21D504BAC006003E7 /* Sword.swift */ = {isa = PBXFileReference; fileEncoding = 4; lastKnownFileType = sourcecode.swift; path = Sword.swift; sourceTree = "<group>"; };
		90E413411D3DE250006EC40C /* Redead.app */ = {isa = PBXFileReference; explicitFileType = wrapper.application; includeInIndex = 0; path = Redead.app; sourceTree = BUILT_PRODUCTS_DIR; };
		90E413441D3DE250006EC40C /* AppDelegate.swift */ = {isa = PBXFileReference; lastKnownFileType = sourcecode.swift; path = AppDelegate.swift; sourceTree = "<group>"; };
		90E413481D3DE250006EC40C /* GameScene.swift */ = {isa = PBXFileReference; lastKnownFileType = sourcecode.swift; path = GameScene.swift; sourceTree = "<group>"; };
		90E4134A1D3DE250006EC40C /* GameViewController.swift */ = {isa = PBXFileReference; lastKnownFileType = sourcecode.swift; path = GameViewController.swift; sourceTree = "<group>"; };
		90E4134D1D3DE250006EC40C /* Base */ = {isa = PBXFileReference; lastKnownFileType = file.storyboard; name = Base; path = Base.lproj/Main.storyboard; sourceTree = "<group>"; };
		90E4134F1D3DE250006EC40C /* Assets.xcassets */ = {isa = PBXFileReference; lastKnownFileType = folder.assetcatalog; path = Assets.xcassets; sourceTree = "<group>"; };
		90E413521D3DE250006EC40C /* Base */ = {isa = PBXFileReference; lastKnownFileType = file.storyboard; name = Base; path = Base.lproj/LaunchScreen.storyboard; sourceTree = "<group>"; };
		90E413541D3DE250006EC40C /* Info.plist */ = {isa = PBXFileReference; lastKnownFileType = text.plist.xml; path = Info.plist; sourceTree = "<group>"; };
		90E413591D3DE250006EC40C /* RedeadTests.xctest */ = {isa = PBXFileReference; explicitFileType = wrapper.cfbundle; includeInIndex = 0; path = RedeadTests.xctest; sourceTree = BUILT_PRODUCTS_DIR; };
		90E4135D1D3DE250006EC40C /* RedeadTests.swift */ = {isa = PBXFileReference; lastKnownFileType = sourcecode.swift; path = RedeadTests.swift; sourceTree = "<group>"; };
		90E4135F1D3DE250006EC40C /* Info.plist */ = {isa = PBXFileReference; lastKnownFileType = text.plist.xml; path = Info.plist; sourceTree = "<group>"; };
		90E413641D3DE250006EC40C /* RedeadUITests.xctest */ = {isa = PBXFileReference; explicitFileType = wrapper.cfbundle; includeInIndex = 0; path = RedeadUITests.xctest; sourceTree = BUILT_PRODUCTS_DIR; };
		90E413681D3DE250006EC40C /* RedeadUITests.swift */ = {isa = PBXFileReference; lastKnownFileType = sourcecode.swift; path = RedeadUITests.swift; sourceTree = "<group>"; };
		90E4136A1D3DE250006EC40C /* Info.plist */ = {isa = PBXFileReference; lastKnownFileType = text.plist.xml; path = Info.plist; sourceTree = "<group>"; };
/* End PBXFileReference section */

/* Begin PBXFrameworksBuildPhase section */
		90E4133E1D3DE250006EC40C /* Frameworks */ = {
			isa = PBXFrameworksBuildPhase;
			buildActionMask = 2147483647;
			files = (
				7032BD8E1D416D3400865A47 /* libz.tbd in Frameworks */,
			);
			runOnlyForDeploymentPostprocessing = 0;
		};
		90E413561D3DE250006EC40C /* Frameworks */ = {
			isa = PBXFrameworksBuildPhase;
			buildActionMask = 2147483647;
			files = (
			);
			runOnlyForDeploymentPostprocessing = 0;
		};
		90E413611D3DE250006EC40C /* Frameworks */ = {
			isa = PBXFrameworksBuildPhase;
			buildActionMask = 2147483647;
			files = (
			);
			runOnlyForDeploymentPostprocessing = 0;
		};
/* End PBXFrameworksBuildPhase section */

/* Begin PBXGroup section */
		6842597E1D5030AD00BD00CA /* New Group */ = {
			isa = PBXGroup;
			children = (
				909F40831D3F01E00009D9E2 /* Assets */,
			);
			name = "New Group";
			sourceTree = "<group>";
		};
		7032BD8C1D416BAF00865A47 /* JSTileMap */ = {
			isa = PBXGroup;
			children = (
				7032BD871D416B8E00865A47 /* JSTileMap.m */,
				7032BD861D416B8E00865A47 /* JSTileMap.h */,
			);
			name = JSTileMap;
			sourceTree = "<group>";
		};
		7032BD931D41703000865A47 /* Maps */ = {
			isa = PBXGroup;
			children = (
				70C5E0361D5105D200FB18F0 /* FinalMap.tmx */,
				70C5E0341D5105C600FB18F0 /* FourthMap.tmx */,
				703606DD1D4D2719001EECA5 /* ThirdMap.tmx */,
				703606DB1D4D1E4E001EECA5 /* FirstMap.tmx */,
				703606D91D4D1926001EECA5 /* Level1WorldTileSheet-ipadhd.png */,
				703606D71D4D1921001EECA5 /* GoldBricks.png */,
				70C58E1A1D48109500EEDC5D /* secondMap.tmx */,
				70D19F751D457E79007ECBE0 /* caveAtlas.png */,
			);
			name = Maps;
			sourceTree = "<group>";
		};
		909F406D1D3F00C70009D9E2 /* External */ = {
			isa = PBXGroup;
			children = (
				7032BD881D416B8E00865A47 /* LFCGzipUtility.h */,
				7032BD891D416B8E00865A47 /* LFCGzipUtility.m */,
				909F406B1D3F00C10009D9E2 /* SgButton.swift */,
			);
			name = External;
			sourceTree = "<group>";
		};
		90E413381D3DE250006EC40C = {
			isa = PBXGroup;
			children = (
				7032BD8D1D416D3400865A47 /* libz.tbd */,
				6842597E1D5030AD00BD00CA /* New Group */,
				90E413431D3DE250006EC40C /* Redead */,
				90E4135C1D3DE250006EC40C /* RedeadTests */,
				90E413671D3DE250006EC40C /* RedeadUITests */,
				90E413421D3DE250006EC40C /* Products */,
			);
			sourceTree = "<group>";
		};
		90E413421D3DE250006EC40C /* Products */ = {
			isa = PBXGroup;
			children = (
				90E413411D3DE250006EC40C /* Redead.app */,
				90E413591D3DE250006EC40C /* RedeadTests.xctest */,
				90E413641D3DE250006EC40C /* RedeadUITests.xctest */,
			);
			name = Products;
			sourceTree = "<group>";
		};
		90E413431D3DE250006EC40C /* Redead */ = {
			isa = PBXGroup;
			children = (
				7032BD931D41703000865A47 /* Maps */,
				90E413441D3DE250006EC40C /* AppDelegate.swift */,
				90E413481D3DE250006EC40C /* GameScene.swift */,
				90AF8CD11D408E650044D8CF /* ScreenHelper.swift */,
				70AF588A1D440BC500BB3B37 /* Player.swift */,
				90D8EBF01D504B66006003E7 /* Spell.swift */,
				9086913F1D482444000C92E8 /* InputManager.swift */,
				9086913D1D482406000C92E8 /* TileManager.swift */,
				908691371D46D972000C92E8 /* Enemy.swift */,
				68A08CD91D5032A500B736C4 /* Boss.swift */,
				9086913B1D46E28A000C92E8 /* Weapon.swift */,
				90D8EBF21D504BAC006003E7 /* Sword.swift */,
				90AF8CCB1D406A080044D8CF /* DirectionalPad.swift */,
				90AF8CC91D4065EF0044D8CF /* MenuScene.swift */,
				90E4134A1D3DE250006EC40C /* GameViewController.swift */,
				6842597C1D50149F00BD00CA /* Sounds.swift */,
				90E4134C1D3DE250006EC40C /* Main.storyboard */,
				90E4134F1D3DE250006EC40C /* Assets.xcassets */,
				90E413511D3DE250006EC40C /* LaunchScreen.storyboard */,
				90E413541D3DE250006EC40C /* Info.plist */,
				7032BD8C1D416BAF00865A47 /* JSTileMap */,
				909F406D1D3F00C70009D9E2 /* External */,
				7032BD851D416B8E00865A47 /* Redead-Bridging-Header.h */,
			);
			path = Redead;
			sourceTree = "<group>";
		};
		90E4135C1D3DE250006EC40C /* RedeadTests */ = {
			isa = PBXGroup;
			children = (
				90E4135D1D3DE250006EC40C /* RedeadTests.swift */,
				90E4135F1D3DE250006EC40C /* Info.plist */,
			);
			path = RedeadTests;
			sourceTree = "<group>";
		};
		90E413671D3DE250006EC40C /* RedeadUITests */ = {
			isa = PBXGroup;
			children = (
				90E413681D3DE250006EC40C /* RedeadUITests.swift */,
				90E4136A1D3DE250006EC40C /* Info.plist */,
			);
			path = RedeadUITests;
			sourceTree = "<group>";
		};
/* End PBXGroup section */

/* Begin PBXNativeTarget section */
		90E413401D3DE250006EC40C /* Redead */ = {
			isa = PBXNativeTarget;
			buildConfigurationList = 90E4136D1D3DE250006EC40C /* Build configuration list for PBXNativeTarget "Redead" */;
			buildPhases = (
				90E4133D1D3DE250006EC40C /* Sources */,
				90E4133E1D3DE250006EC40C /* Frameworks */,
				90E4133F1D3DE250006EC40C /* Resources */,
			);
			buildRules = (
			);
			dependencies = (
			);
			name = Redead;
			productName = Redead;
			productReference = 90E413411D3DE250006EC40C /* Redead.app */;
			productType = "com.apple.product-type.application";
		};
		90E413581D3DE250006EC40C /* RedeadTests */ = {
			isa = PBXNativeTarget;
			buildConfigurationList = 90E413701D3DE250006EC40C /* Build configuration list for PBXNativeTarget "RedeadTests" */;
			buildPhases = (
				90E413551D3DE250006EC40C /* Sources */,
				90E413561D3DE250006EC40C /* Frameworks */,
				90E413571D3DE250006EC40C /* Resources */,
			);
			buildRules = (
			);
			dependencies = (
				90E4135B1D3DE250006EC40C /* PBXTargetDependency */,
			);
			name = RedeadTests;
			productName = RedeadTests;
			productReference = 90E413591D3DE250006EC40C /* RedeadTests.xctest */;
			productType = "com.apple.product-type.bundle.unit-test";
		};
		90E413631D3DE250006EC40C /* RedeadUITests */ = {
			isa = PBXNativeTarget;
			buildConfigurationList = 90E413731D3DE250006EC40C /* Build configuration list for PBXNativeTarget "RedeadUITests" */;
			buildPhases = (
				90E413601D3DE250006EC40C /* Sources */,
				90E413611D3DE250006EC40C /* Frameworks */,
				90E413621D3DE250006EC40C /* Resources */,
			);
			buildRules = (
			);
			dependencies = (
				90E413661D3DE250006EC40C /* PBXTargetDependency */,
			);
			name = RedeadUITests;
			productName = RedeadUITests;
			productReference = 90E413641D3DE250006EC40C /* RedeadUITests.xctest */;
			productType = "com.apple.product-type.bundle.ui-testing";
		};
/* End PBXNativeTarget section */

/* Begin PBXProject section */
		90E413391D3DE250006EC40C /* Project object */ = {
			isa = PBXProject;
			attributes = {
				LastSwiftUpdateCheck = 0730;
				LastUpgradeCheck = 0730;
				ORGANIZATIONNAME = "Matthew Genova";
				TargetAttributes = {
					90E413401D3DE250006EC40C = {
						CreatedOnToolsVersion = 7.3.1;
						DevelopmentTeam = PG59XKN74F;
					};
					90E413581D3DE250006EC40C = {
						CreatedOnToolsVersion = 7.3.1;
						TestTargetID = 90E413401D3DE250006EC40C;
					};
					90E413631D3DE250006EC40C = {
						CreatedOnToolsVersion = 7.3.1;
						TestTargetID = 90E413401D3DE250006EC40C;
					};
				};
			};
			buildConfigurationList = 90E4133C1D3DE250006EC40C /* Build configuration list for PBXProject "Redead" */;
			compatibilityVersion = "Xcode 3.2";
			developmentRegion = English;
			hasScannedForEncodings = 0;
			knownRegions = (
				en,
				Base,
			);
			mainGroup = 90E413381D3DE250006EC40C;
			productRefGroup = 90E413421D3DE250006EC40C /* Products */;
			projectDirPath = "";
			projectRoot = "";
			targets = (
				90E413401D3DE250006EC40C /* Redead */,
				90E413581D3DE250006EC40C /* RedeadTests */,
				90E413631D3DE250006EC40C /* RedeadUITests */,
			);
		};
/* End PBXProject section */

/* Begin PBXResourcesBuildPhase section */
		90E4133F1D3DE250006EC40C /* Resources */ = {
			isa = PBXResourcesBuildPhase;
			buildActionMask = 2147483647;
			files = (
				909F40841D3F01E00009D9E2 /* Assets in Resources */,
				703606DC1D4D1E4E001EECA5 /* FirstMap.tmx in Resources */,
				90E413531D3DE250006EC40C /* LaunchScreen.storyboard in Resources */,
				70C5E0371D5105D200FB18F0 /* FinalMap.tmx in Resources */,
				70C58E1B1D48109500EEDC5D /* secondMap.tmx in Resources */,
				703606DE1D4D2719001EECA5 /* ThirdMap.tmx in Resources */,
				70D19F761D457E79007ECBE0 /* caveAtlas.png in Resources */,
				90E413501D3DE250006EC40C /* Assets.xcassets in Resources */,
				703606D81D4D1921001EECA5 /* GoldBricks.png in Resources */,
				703606DA1D4D1926001EECA5 /* Level1WorldTileSheet-ipadhd.png in Resources */,
				90E4134E1D3DE250006EC40C /* Main.storyboard in Resources */,
				70C5E0351D5105C600FB18F0 /* FourthMap.tmx in Resources */,
			);
			runOnlyForDeploymentPostprocessing = 0;
		};
		90E413571D3DE250006EC40C /* Resources */ = {
			isa = PBXResourcesBuildPhase;
			buildActionMask = 2147483647;
			files = (
			);
			runOnlyForDeploymentPostprocessing = 0;
		};
		90E413621D3DE250006EC40C /* Resources */ = {
			isa = PBXResourcesBuildPhase;
			buildActionMask = 2147483647;
			files = (
			);
			runOnlyForDeploymentPostprocessing = 0;
		};
/* End PBXResourcesBuildPhase section */

/* Begin PBXSourcesBuildPhase section */
		90E4133D1D3DE250006EC40C /* Sources */ = {
			isa = PBXSourcesBuildPhase;
			buildActionMask = 2147483647;
			files = (
				90E413491D3DE250006EC40C /* GameScene.swift in Sources */,
				90AF8CD21D408E650044D8CF /* ScreenHelper.swift in Sources */,
				90E4134B1D3DE250006EC40C /* GameViewController.swift in Sources */,
				9086913E1D482406000C92E8 /* TileManager.swift in Sources */,
				90AF8CCC1D406A080044D8CF /* DirectionalPad.swift in Sources */,
				90AF8CCA1D4065EF0044D8CF /* MenuScene.swift in Sources */,
				9086913C1D46E28A000C92E8 /* Weapon.swift in Sources */,
				90E413451D3DE250006EC40C /* AppDelegate.swift in Sources */,
				909F406C1D3F00C10009D9E2 /* SgButton.swift in Sources */,
				908691381D46D972000C92E8 /* Enemy.swift in Sources */,
				7032BD8B1D416B8E00865A47 /* LFCGzipUtility.m in Sources */,
				70AF588B1D440BC500BB3B37 /* Player.swift in Sources */,
				68A08CDA1D5032A500B736C4 /* Boss.swift in Sources */,
				90D8EBF11D504B66006003E7 /* Spell.swift in Sources */,
				6842597D1D50149F00BD00CA /* Sounds.swift in Sources */,
				908691401D482444000C92E8 /* InputManager.swift in Sources */,
				7032BD8A1D416B8E00865A47 /* JSTileMap.m in Sources */,
				90D8EBF31D504BAC006003E7 /* Sword.swift in Sources */,
			);
			runOnlyForDeploymentPostprocessing = 0;
		};
		90E413551D3DE250006EC40C /* Sources */ = {
			isa = PBXSourcesBuildPhase;
			buildActionMask = 2147483647;
			files = (
				90E4135E1D3DE250006EC40C /* RedeadTests.swift in Sources */,
			);
			runOnlyForDeploymentPostprocessing = 0;
		};
		90E413601D3DE250006EC40C /* Sources */ = {
			isa = PBXSourcesBuildPhase;
			buildActionMask = 2147483647;
			files = (
				90E413691D3DE250006EC40C /* RedeadUITests.swift in Sources */,
			);
			runOnlyForDeploymentPostprocessing = 0;
		};
/* End PBXSourcesBuildPhase section */

/* Begin PBXTargetDependency section */
		90E4135B1D3DE250006EC40C /* PBXTargetDependency */ = {
			isa = PBXTargetDependency;
			target = 90E413401D3DE250006EC40C /* Redead */;
			targetProxy = 90E4135A1D3DE250006EC40C /* PBXContainerItemProxy */;
		};
		90E413661D3DE250006EC40C /* PBXTargetDependency */ = {
			isa = PBXTargetDependency;
			target = 90E413401D3DE250006EC40C /* Redead */;
			targetProxy = 90E413651D3DE250006EC40C /* PBXContainerItemProxy */;
		};
/* End PBXTargetDependency section */

/* Begin PBXVariantGroup section */
		90E4134C1D3DE250006EC40C /* Main.storyboard */ = {
			isa = PBXVariantGroup;
			children = (
				90E4134D1D3DE250006EC40C /* Base */,
			);
			name = Main.storyboard;
			sourceTree = "<group>";
		};
		90E413511D3DE250006EC40C /* LaunchScreen.storyboard */ = {
			isa = PBXVariantGroup;
			children = (
				90E413521D3DE250006EC40C /* Base */,
			);
			name = LaunchScreen.storyboard;
			sourceTree = "<group>";
		};
/* End PBXVariantGroup section */

/* Begin XCBuildConfiguration section */
		90E4136B1D3DE250006EC40C /* Debug */ = {
			isa = XCBuildConfiguration;
			buildSettings = {
				ALWAYS_SEARCH_USER_PATHS = NO;
				CLANG_ANALYZER_NONNULL = YES;
				CLANG_CXX_LANGUAGE_STANDARD = "gnu++0x";
				CLANG_CXX_LIBRARY = "libc++";
				CLANG_ENABLE_MODULES = YES;
				CLANG_ENABLE_OBJC_ARC = YES;
				CLANG_WARN_BOOL_CONVERSION = YES;
				CLANG_WARN_CONSTANT_CONVERSION = YES;
				CLANG_WARN_DIRECT_OBJC_ISA_USAGE = YES_ERROR;
				CLANG_WARN_EMPTY_BODY = YES;
				CLANG_WARN_ENUM_CONVERSION = YES;
				CLANG_WARN_INT_CONVERSION = YES;
				CLANG_WARN_OBJC_ROOT_CLASS = YES_ERROR;
				CLANG_WARN_UNREACHABLE_CODE = YES;
				CLANG_WARN__DUPLICATE_METHOD_MATCH = YES;
				"CODE_SIGN_IDENTITY[sdk=iphoneos*]" = "iPhone Developer";
				COPY_PHASE_STRIP = NO;
				DEBUG_INFORMATION_FORMAT = "dwarf-with-dsym";
				ENABLE_STRICT_OBJC_MSGSEND = YES;
				ENABLE_TESTABILITY = YES;
				GCC_C_LANGUAGE_STANDARD = gnu99;
				GCC_DYNAMIC_NO_PIC = NO;
				GCC_NO_COMMON_BLOCKS = YES;
				GCC_OPTIMIZATION_LEVEL = 0;
				GCC_PREPROCESSOR_DEFINITIONS = (
					"DEBUG=1",
					"$(inherited)",
				);
				GCC_WARN_64_TO_32_BIT_CONVERSION = YES;
				GCC_WARN_ABOUT_RETURN_TYPE = YES_ERROR;
				GCC_WARN_UNDECLARED_SELECTOR = YES;
				GCC_WARN_UNINITIALIZED_AUTOS = YES_AGGRESSIVE;
				GCC_WARN_UNUSED_FUNCTION = YES;
				GCC_WARN_UNUSED_VARIABLE = YES;
				IPHONEOS_DEPLOYMENT_TARGET = 9.3;
				MTL_ENABLE_DEBUG_INFO = YES;
				ONLY_ACTIVE_ARCH = YES;
				SDKROOT = iphoneos;
				SWIFT_OPTIMIZATION_LEVEL = "-Onone";
			};
			name = Debug;
		};
		90E4136C1D3DE250006EC40C /* Release */ = {
			isa = XCBuildConfiguration;
			buildSettings = {
				ALWAYS_SEARCH_USER_PATHS = NO;
				CLANG_ANALYZER_NONNULL = YES;
				CLANG_CXX_LANGUAGE_STANDARD = "gnu++0x";
				CLANG_CXX_LIBRARY = "libc++";
				CLANG_ENABLE_MODULES = YES;
				CLANG_ENABLE_OBJC_ARC = YES;
				CLANG_WARN_BOOL_CONVERSION = YES;
				CLANG_WARN_CONSTANT_CONVERSION = YES;
				CLANG_WARN_DIRECT_OBJC_ISA_USAGE = YES_ERROR;
				CLANG_WARN_EMPTY_BODY = YES;
				CLANG_WARN_ENUM_CONVERSION = YES;
				CLANG_WARN_INT_CONVERSION = YES;
				CLANG_WARN_OBJC_ROOT_CLASS = YES_ERROR;
				CLANG_WARN_UNREACHABLE_CODE = YES;
				CLANG_WARN__DUPLICATE_METHOD_MATCH = YES;
				"CODE_SIGN_IDENTITY[sdk=iphoneos*]" = "iPhone Developer";
				COPY_PHASE_STRIP = NO;
				DEBUG_INFORMATION_FORMAT = "dwarf-with-dsym";
				ENABLE_NS_ASSERTIONS = NO;
				ENABLE_STRICT_OBJC_MSGSEND = YES;
				GCC_C_LANGUAGE_STANDARD = gnu99;
				GCC_NO_COMMON_BLOCKS = YES;
				GCC_WARN_64_TO_32_BIT_CONVERSION = YES;
				GCC_WARN_ABOUT_RETURN_TYPE = YES_ERROR;
				GCC_WARN_UNDECLARED_SELECTOR = YES;
				GCC_WARN_UNINITIALIZED_AUTOS = YES_AGGRESSIVE;
				GCC_WARN_UNUSED_FUNCTION = YES;
				GCC_WARN_UNUSED_VARIABLE = YES;
				IPHONEOS_DEPLOYMENT_TARGET = 9.3;
				MTL_ENABLE_DEBUG_INFO = NO;
				SDKROOT = iphoneos;
				VALIDATE_PRODUCT = YES;
			};
			name = Release;
		};
		90E4136E1D3DE250006EC40C /* Debug */ = {
			isa = XCBuildConfiguration;
			buildSettings = {
				ASSETCATALOG_COMPILER_APPICON_NAME = AppIcon;
				CLANG_ENABLE_MODULES = YES;
				CODE_SIGN_IDENTITY = "iPhone Developer";
				"CODE_SIGN_IDENTITY[sdk=iphoneos*]" = "iPhone Developer";
				INFOPLIST_FILE = Redead/Info.plist;
				LD_RUNPATH_SEARCH_PATHS = "$(inherited) @executable_path/Frameworks";
				PRODUCT_BUNDLE_IDENTIFIER = wustl.Redead;
				PRODUCT_NAME = "$(TARGET_NAME)";
				PROVISIONING_PROFILE = "";
				SWIFT_OBJC_BRIDGING_HEADER = "Redead/Redead-Bridging-Header.h";
				SWIFT_OPTIMIZATION_LEVEL = "-Onone";
				TARGETED_DEVICE_FAMILY = 1;
			};
			name = Debug;
		};
		90E4136F1D3DE250006EC40C /* Release */ = {
			isa = XCBuildConfiguration;
			buildSettings = {
				ASSETCATALOG_COMPILER_APPICON_NAME = AppIcon;
				CLANG_ENABLE_MODULES = YES;
				CODE_SIGN_IDENTITY = "iPhone Developer";
				"CODE_SIGN_IDENTITY[sdk=iphoneos*]" = "iPhone Developer";
				INFOPLIST_FILE = Redead/Info.plist;
				LD_RUNPATH_SEARCH_PATHS = "$(inherited) @executable_path/Frameworks";
				PRODUCT_BUNDLE_IDENTIFIER = wustl.Redead;
				PRODUCT_NAME = "$(TARGET_NAME)";
				PROVISIONING_PROFILE = "";
				SWIFT_OBJC_BRIDGING_HEADER = "Redead/Redead-Bridging-Header.h";
				TARGETED_DEVICE_FAMILY = 1;
			};
			name = Release;
		};
		90E413711D3DE250006EC40C /* Debug */ = {
			isa = XCBuildConfiguration;
			buildSettings = {
				BUNDLE_LOADER = "$(TEST_HOST)";
				DEBUG_INFORMATION_FORMAT = dwarf;
				INFOPLIST_FILE = RedeadTests/Info.plist;
				LD_RUNPATH_SEARCH_PATHS = "$(inherited) @executable_path/Frameworks @loader_path/Frameworks";
				PRODUCT_BUNDLE_IDENTIFIER = wustl.RedeadTests;
				PRODUCT_NAME = "$(TARGET_NAME)";
				TEST_HOST = "$(BUILT_PRODUCTS_DIR)/Redead.app/Redead";
			};
			name = Debug;
		};
		90E413721D3DE250006EC40C /* Release */ = {
			isa = XCBuildConfiguration;
			buildSettings = {
				BUNDLE_LOADER = "$(TEST_HOST)";
				INFOPLIST_FILE = RedeadTests/Info.plist;
				LD_RUNPATH_SEARCH_PATHS = "$(inherited) @executable_path/Frameworks @loader_path/Frameworks";
				PRODUCT_BUNDLE_IDENTIFIER = wustl.RedeadTests;
				PRODUCT_NAME = "$(TARGET_NAME)";
				TEST_HOST = "$(BUILT_PRODUCTS_DIR)/Redead.app/Redead";
			};
			name = Release;
		};
		90E413741D3DE250006EC40C /* Debug */ = {
			isa = XCBuildConfiguration;
			buildSettings = {
				DEBUG_INFORMATION_FORMAT = dwarf;
				INFOPLIST_FILE = RedeadUITests/Info.plist;
				LD_RUNPATH_SEARCH_PATHS = "$(inherited) @executable_path/Frameworks @loader_path/Frameworks";
				PRODUCT_BUNDLE_IDENTIFIER = wustl.RedeadUITests;
				PRODUCT_NAME = "$(TARGET_NAME)";
				TEST_TARGET_NAME = Redead;
			};
			name = Debug;
		};
		90E413751D3DE250006EC40C /* Release */ = {
			isa = XCBuildConfiguration;
			buildSettings = {
				INFOPLIST_FILE = RedeadUITests/Info.plist;
				LD_RUNPATH_SEARCH_PATHS = "$(inherited) @executable_path/Frameworks @loader_path/Frameworks";
				PRODUCT_BUNDLE_IDENTIFIER = wustl.RedeadUITests;
				PRODUCT_NAME = "$(TARGET_NAME)";
				TEST_TARGET_NAME = Redead;
			};
			name = Release;
		};
/* End XCBuildConfiguration section */

/* Begin XCConfigurationList section */
		90E4133C1D3DE250006EC40C /* Build configuration list for PBXProject "Redead" */ = {
			isa = XCConfigurationList;
			buildConfigurations = (
				90E4136B1D3DE250006EC40C /* Debug */,
				90E4136C1D3DE250006EC40C /* Release */,
			);
			defaultConfigurationIsVisible = 0;
			defaultConfigurationName = Release;
		};
		90E4136D1D3DE250006EC40C /* Build configuration list for PBXNativeTarget "Redead" */ = {
			isa = XCConfigurationList;
			buildConfigurations = (
				90E4136E1D3DE250006EC40C /* Debug */,
				90E4136F1D3DE250006EC40C /* Release */,
			);
			defaultConfigurationIsVisible = 0;
			defaultConfigurationName = Release;
		};
		90E413701D3DE250006EC40C /* Build configuration list for PBXNativeTarget "RedeadTests" */ = {
			isa = XCConfigurationList;
			buildConfigurations = (
				90E413711D3DE250006EC40C /* Debug */,
				90E413721D3DE250006EC40C /* Release */,
			);
			defaultConfigurationIsVisible = 0;
			defaultConfigurationName = Release;
		};
		90E413731D3DE250006EC40C /* Build configuration list for PBXNativeTarget "RedeadUITests" */ = {
			isa = XCConfigurationList;
			buildConfigurations = (
				90E413741D3DE250006EC40C /* Debug */,
				90E413751D3DE250006EC40C /* Release */,
			);
			defaultConfigurationIsVisible = 0;
			defaultConfigurationName = Release;
		};
/* End XCConfigurationList section */
	};
	rootObject = 90E413391D3DE250006EC40C /* Project object */;
}
